{
  "requires": true,
  "lockfileVersion": 1,
  "dependencies": {
    "custom-event-polyfill": {
      "version": "1.0.6",
      "resolved": "https://registry.npmjs.org/custom-event-polyfill/-/custom-event-polyfill-1.0.6.tgz",
      "integrity": "sha512-3FxpFlzGcHrDykwWu+xWVXZ8PfykM/9/bI3zXb953sh+AjInZWcQmrnmvPoZgiqNjmbtTm10PWvYqvRW527x6g=="
    },
    "easydropdown": {
      "version": "4.1.1",
      "resolved": "https://registry.npmjs.org/easydropdown/-/easydropdown-4.1.1.tgz",
      "integrity": "sha512-gh3Tiv6ys2Z9dA+GKWvaG0SLWR3ltK197a+WROGJOdawcbH8+y8uc777gSil2d/OACYnLGC7A2q3D5QJPw++Bw==",
      "requires": {
        "custom-event-polyfill": "1.0.6",
        "helpful-merge": "0.2.0"
      }
    },
    "helpful-merge": {
      "version": "0.2.0",
      "resolved": "https://registry.npmjs.org/helpful-merge/-/helpful-merge-0.2.0.tgz",
      "integrity": "sha512-lqbBl4TU15okBJ4C8hx7PBEcqtaxxsWLOypdhpsZbRvBTaibNqTXWpG6W59S0FTBeL7hx3K4MXdz8EJVcZ3CCQ=="
    },
    "node-php": {
      "version": "0.0.1",
      "resolved": "https://registry.npmjs.org/node-php/-/node-php-0.0.1.tgz",
      "integrity": "sha1-ZQVUYRhBPQKcNJSTWD/0Co8VTUw="
    }
  }
}
